
Microsoft Visual Studio Solution File, Format Version 12.00
# Visual Studio Version 16
VisualStudioVersion = 16.0.31702.278
MinimumVisualStudioVersion = 10.0.40219.1
Project("{9A19103F-16F7-4668-BE54-9A1E7A4F7556}") = "Targil0", "Targil0\Targil0.csproj", "{2B568F18-D5E4-497F-961D-B4B60290076D}"
EndProject
Project("{2150E333-8FDC-42A3-9474-1A3956D46DE8}") = "Solution Items", "Solution Items", "{DE0A1349-E58E-49B5-B055-96991E4BF33F}"
	ProjectSection(SolutionItems) = preProject
		README.md = README.md
	EndProjectSection
EndProject
Project("{9A19103F-16F7-4668-BE54-9A1E7A4F7556}") = "ConsoleUI", "Targil1\ConsoleUI.csproj", "{52664AC7-4987-49A8-BA11-E7303F49A77B}"
EndProject
Project("{9A19103F-16F7-4668-BE54-9A1E7A4F7556}") = "DAL", "DAL\DAL.csproj", "{AC355B60-3D6F-4767-A898-20DCF68D1401}"
EndProject
Project("{9A19103F-16F7-4668-BE54-9A1E7A4F7556}") = "BL", "BL\BL.csproj", "{1BC0D6A5-272F-41A8-8D8F-1708B628D0BC}"
EndProject
Project("{FAE04EC0-301F-11D3-BF4B-00C04F79EFBC}") = "ConsoleUI_BL", "ConsoleUI_BL\ConsoleUI_BL.csproj", "{A51A635D-F255-4C6A-9351-D0D910E2FAAF}"
EndProject
Global
	GlobalSection(SolutionConfigurationPlatforms) = preSolution
		Debug|Any CPU = Debug|Any CPU
		Release|Any CPU = Release|Any CPU
	EndGlobalSection
	GlobalSection(ProjectConfigurationPlatforms) = postSolution
		{2B568F18-D5E4-497F-961D-B4B60290076D}.Debug|Any CPU.ActiveCfg = Debug|Any CPU
		{2B568F18-D5E4-497F-961D-B4B60290076D}.Debug|Any CPU.Build.0 = Debug|Any CPU
		{2B568F18-D5E4-497F-961D-B4B60290076D}.Release|Any CPU.ActiveCfg = Release|Any CPU
		{2B568F18-D5E4-497F-961D-B4B60290076D}.Release|Any CPU.Build.0 = Release|Any CPU
		{52664AC7-4987-49A8-BA11-E7303F49A77B}.Debug|Any CPU.ActiveCfg = Debug|Any CPU
		{52664AC7-4987-49A8-BA11-E7303F49A77B}.Debug|Any CPU.Build.0 = Debug|Any CPU
		{52664AC7-4987-49A8-BA11-E7303F49A77B}.Release|Any CPU.ActiveCfg = Release|Any CPU
		{52664AC7-4987-49A8-BA11-E7303F49A77B}.Release|Any CPU.Build.0 = Release|Any CPU
		{AC355B60-3D6F-4767-A898-20DCF68D1401}.Debug|Any CPU.ActiveCfg = Debug|Any CPU
		{AC355B60-3D6F-4767-A898-20DCF68D1401}.Debug|Any CPU.Build.0 = Debug|Any CPU
		{AC355B60-3D6F-4767-A898-20DCF68D1401}.Release|Any CPU.ActiveCfg = Release|Any CPU
		{AC355B60-3D6F-4767-A898-20DCF68D1401}.Release|Any CPU.Build.0 = Release|Any CPU
		{1BC0D6A5-272F-41A8-8D8F-1708B628D0BC}.Debug|Any CPU.ActiveCfg = Debug|Any CPU
		{1BC0D6A5-272F-41A8-8D8F-1708B628D0BC}.Debug|Any CPU.Build.0 = Debug|Any CPU
		{1BC0D6A5-272F-41A8-8D8F-1708B628D0BC}.Release|Any CPU.ActiveCfg = Release|Any CPU
		{1BC0D6A5-272F-41A8-8D8F-1708B628D0BC}.Release|Any CPU.Build.0 = Release|Any CPU
		{A51A635D-F255-4C6A-9351-D0D910E2FAAF}.Debug|Any CPU.ActiveCfg = Debug|Any CPU
		{A51A635D-F255-4C6A-9351-D0D910E2FAAF}.Debug|Any CPU.Build.0 = Debug|Any CPU
		{A51A635D-F255-4C6A-9351-D0D910E2FAAF}.Release|Any CPU.ActiveCfg = Release|Any CPU
		{A51A635D-F255-4C6A-9351-D0D910E2FAAF}.Release|Any CPU.Build.0 = Release|Any CPU
	EndGlobalSection
	GlobalSection(SolutionProperties) = preSolution
		HideSolutionNode = FALSE
	EndGlobalSection
	GlobalSection(NestedProjects) = preSolution
		{1BC0D6A5-272F-41A8-8D8F-1708B628D0BC} = {DE0A1349-E58E-49B5-B055-96991E4BF33F}
		{A51A635D-F255-4C6A-9351-D0D910E2FAAF} = {DE0A1349-E58E-49B5-B055-96991E4BF33F}
	EndGlobalSection
	GlobalSection(ExtensibilityGlobals) = postSolution
		SolutionGuid = {07F3F848-FB32-42A8-82DB-93C455117CFD}
	EndGlobalSection
EndGlobal
